<?xml version="1.0" encoding="utf-8"?>
<Project ToolsVersion="4.0" xmlns="http://schemas.microsoft.com/developer/msbuild/2003">
  <ItemGroup>
    <Filter Include="src">
      <UniqueIdentifier>{4FC737F1-C7A5-4376-A066-2A32D752A2FF}</UniqueIdentifier>
      <Extensions>cpp;c;cc;cxx;c++;def;odl;idl;hpj;bat;asm;asmx</Extensions>
    </Filter>
    <Filter Include="src\Function">
      <UniqueIdentifier>{4c2e4969-caf9-477b-accc-3f9595aaae7c}</UniqueIdentifier>
    </Filter>
    <Filter Include="src\Interface">
      <UniqueIdentifier>{d4076731-0e0e-4996-a19d-a53786b0f4fc}</UniqueIdentifier>
    </Filter>
    <Filter Include="src\Solver">
      <UniqueIdentifier>{916e4526-a1df-413e-9a0f-f4cc4ba3a894}</UniqueIdentifier>
    </Filter>
    <Filter Include="src\Solvers">
      <UniqueIdentifier>{52058692-241c-44ac-a7be-30ccae88ec37}</UniqueIdentifier>
    </Filter>
    <Filter Include="src\glWrap">
      <UniqueIdentifier>{1ef2ce13-d361-4d79-85da-cd4990fb93fb}</UniqueIdentifier>
    </Filter>
    <Filter Include="src\Functions">
      <UniqueIdentifier>{3174ec58-2f2e-4c38-a976-70a8e7088c52}</UniqueIdentifier>
    </Filter>
    <Filter Include="src\Components">
      <UniqueIdentifier>{6fb51d67-c50e-43c1-b454-f602272ad321}</UniqueIdentifier>
    </Filter>
    <Filter Include="src\Math">
      <UniqueIdentifier>{c49dd7a3-a8d9-43d6-9c1a-829afff7775b}</UniqueIdentifier>
    </Filter>
    <Filter Include="src\glWrap\headers">
      <UniqueIdentifier>{c60f7697-fccd-4a88-815c-3b936be21b39}</UniqueIdentifier>
    </Filter>
    <Filter Include="src\glWrap\sources">
      <UniqueIdentifier>{b2c81842-1860-483e-a7d9-15f6db5fce5e}</UniqueIdentifier>
    </Filter>
    <Filter Include="src\Mesh">
      <UniqueIdentifier>{4bbed224-5d21-431c-94dc-ad6840cf61b1}</UniqueIdentifier>
    </Filter>
    <Filter Include="src\GraphicsEngine">
      <UniqueIdentifier>{5978ccf8-bf09-4d75-8d2b-6ed02c2eff7d}</UniqueIdentifier>
    </Filter>
    <Filter Include="src\GraphicsEngine\ResourceLoaders">
      <UniqueIdentifier>{dd3d8062-92b1-4b6b-ab78-03a8c21bbd8c}</UniqueIdentifier>
    </Filter>
    <Filter Include="src\GraphicsEngine\ResourceLoaders\headers">
      <UniqueIdentifier>{6b558fa5-3a9e-44ba-b40a-2ecb71555dbc}</UniqueIdentifier>
    </Filter>
    <Filter Include="src\GraphicsEngine\ResourceLoaders\sources">
      <UniqueIdentifier>{70f85f31-f057-4272-a553-a648b52d6660}</UniqueIdentifier>
    </Filter>
    <Filter Include="src\Meshes">
      <UniqueIdentifier>{11f22d9e-0fcc-4c29-8a5f-ae5e34e067c8}</UniqueIdentifier>
    </Filter>
    <Filter Include="src\Meshes\sources">
      <UniqueIdentifier>{2693dc58-4cd6-482b-b64a-dc9f90c2a277}</UniqueIdentifier>
    </Filter>
    <Filter Include="src\Meshes\headers">
      <UniqueIdentifier>{c89868b9-6683-4565-94b3-ad89d32f7349}</UniqueIdentifier>
    </Filter>
    <Filter Include="src\Simulator">
      <UniqueIdentifier>{e0bc3341-b6c2-4bc7-83f1-ade4f9599d39}</UniqueIdentifier>
    </Filter>
    <Filter Include="src\Context">
      <UniqueIdentifier>{08f3ae8c-8c4b-4a27-9007-558e8a3c1e8a}</UniqueIdentifier>
    </Filter>
    <Filter Include="src\SpaceUtils">
      <UniqueIdentifier>{405e3cd1-2eae-4445-b310-35ef81503fdf}</UniqueIdentifier>
    </Filter>
    <Filter Include="src\Components\sources">
      <UniqueIdentifier>{8e6035db-7656-4981-9f21-0d6341e539ce}</UniqueIdentifier>
    </Filter>
    <Filter Include="src\Components\headers">
      <UniqueIdentifier>{bfa6af9a-7abf-452b-9bb4-3bf7a404add4}</UniqueIdentifier>
    </Filter>
    <Filter Include="src\SpaceUtils\sources">
      <UniqueIdentifier>{61e018f7-4c7a-4130-9bb1-122126959340}</UniqueIdentifier>
    </Filter>
    <Filter Include="src\SpaceUtils\headers">
      <UniqueIdentifier>{615b525d-dd8a-4a48-8464-42ac048f5173}</UniqueIdentifier>
    </Filter>
    <Filter Include="src\Simulator\sources">
      <UniqueIdentifier>{0132cdfb-b6d6-4f1a-96d2-0f04ef744ccc}</UniqueIdentifier>
    </Filter>
    <Filter Include="src\Simulator\headers">
      <UniqueIdentifier>{3fae27eb-086b-43b2-a673-6e6b4da68318}</UniqueIdentifier>
    </Filter>
    <Filter Include="assets">
      <UniqueIdentifier>{843ee19f-290f-469c-8efc-4c36970841e6}</UniqueIdentifier>
    </Filter>
    <Filter Include="assets\shaders">
      <UniqueIdentifier>{b6d3b32f-cf58-44e1-afab-53a6f99d3c20}</UniqueIdentifier>
    </Filter>
  </ItemGroup>
  <ItemGroup>
    <ClCompile Include="src\main.cpp">
      <Filter>src</Filter>
    </ClCompile>
    <ClCompile Include="src\Math\MathLib.cpp">
      <Filter>src\Math</Filter>
    </ClCompile>
    <ClCompile Include="src\glWrap\Buffer\Buffer.cpp">
      <Filter>src\glWrap\sources</Filter>
    </ClCompile>
    <ClCompile Include="src\glWrap\Framebuffer\Framebuffer.cpp">
      <Filter>src\glWrap\sources</Filter>
    </ClCompile>
    <ClCompile Include="src\glWrap\ID\Id.cpp">
      <Filter>src\glWrap\sources</Filter>
    </ClCompile>
    <ClCompile Include="src\glWrap\OpenGL.cpp">
      <Filter>src\glWrap\sources</Filter>
    </ClCompile>
    <ClCompile Include="src\glWrap\Shader\Shader.cpp">
      <Filter>src\glWrap\sources</Filter>
    </ClCompile>
    <ClCompile Include="src\glWrap\Shader\ShaderProgram.cpp">
      <Filter>src\glWrap\sources</Filter>
    </ClCompile>
    <ClCompile Include="src\glWrap\Texture\Texture.cpp">
      <Filter>src\glWrap\sources</Filter>
    </ClCompile>
    <ClCompile Include="src\glWrap\VertexArray\VertexArray.cpp">
      <Filter>src\glWrap\sources</Filter>
    </ClCompile>
    <ClCompile Include="src\GraphicsEngine\ResourceLoaders\ShaderLoaders\ShaderLoader.cpp">
      <Filter>src\GraphicsEngine\ResourceLoaders\sources</Filter>
    </ClCompile>
    <ClCompile Include="src\GraphicsEngine\GraphicsEngine.cpp">
      <Filter>src\GraphicsEngine</Filter>
    </ClCompile>
    <ClCompile Include="src\GraphicsEngine\ResourceLoaders\TextureBuilders\Texture2D_Builder.cpp">
      <Filter>src\GraphicsEngine\ResourceLoaders\sources</Filter>
    </ClCompile>
    <ClCompile Include="src\Mesh\Mesh.cpp">
      <Filter>src\Mesh</Filter>
    </ClCompile>
    <ClCompile Include="src\Meshes\BoxMesh.cpp">
      <Filter>src\Meshes\sources</Filter>
    </ClCompile>
    <ClCompile Include="src\Meshes\BoxMeshBuilder.cpp">
      <Filter>src\Meshes\sources</Filter>
    </ClCompile>
    <ClCompile Include="src\Meshes\SphereMesh.cpp">
      <Filter>src\Meshes\sources</Filter>
    </ClCompile>
    <ClCompile Include="src\Meshes\SphereMeshBuilder.cpp">
      <Filter>src\Meshes\sources</Filter>
    </ClCompile>
    <ClCompile Include="src\Context\Context.cpp">
      <Filter>src\Context</Filter>
    </ClCompile>
    <ClCompile Include="src\Components\Camera.cpp">
      <Filter>src\Components\sources</Filter>
    </ClCompile>
    <ClCompile Include="src\Components\Orbit.cpp">
      <Filter>src\Components\sources</Filter>
    </ClCompile>
    <ClCompile Include="src\Components\Planet.cpp">
      <Filter>src\Components\sources</Filter>
    </ClCompile>
    <ClCompile Include="src\Components\Rendezvous.cpp">
      <Filter>src\Components\sources</Filter>
    </ClCompile>
    <ClCompile Include="src\Components\Satellite.cpp">
      <Filter>src\Components\sources</Filter>
    </ClCompile>
    <ClCompile Include="src\Components\SimData.cpp">
      <Filter>src\Components\sources</Filter>
    </ClCompile>
    <ClCompile Include="src\Components\Transform.cpp">
      <Filter>src\Components\sources</Filter>
    </ClCompile>
    <ClCompile Include="src\SpaceUtils\ClohessyWiltshire.cpp">
      <Filter>src\SpaceUtils\sources</Filter>
    </ClCompile>
    <ClCompile Include="src\SpaceUtils\Lambert.cpp">
      <Filter>src\SpaceUtils\sources</Filter>
    </ClCompile>
    <ClCompile Include="src\Components\PhysicsData.cpp">
      <Filter>src\Components\sources</Filter>
    </ClCompile>
    <ClCompile Include="src\Simulator\GLWindow.cpp">
      <Filter>src\Simulator\sources</Filter>
    </ClCompile>
    <ClCompile Include="src\Simulator\IInputController.cpp">
      <Filter>src\Simulator\sources</Filter>
    </ClCompile>
    <ClCompile Include="src\Simulator\Simulator.cpp">
      <Filter>src\Simulator\sources</Filter>
    </ClCompile>
    <ClCompile Include="src\SpaceUtils\OrbitUtil.cpp">
      <Filter>src\SpaceUtils\sources</Filter>
    </ClCompile>
    <ClCompile Include="src\Meshes\QuadMesh.cpp">
      <Filter>src\Meshes\sources</Filter>
    </ClCompile>
    <ClCompile Include="src\Meshes\QuadMeshBuilder.cpp">
      <Filter>src\Meshes\sources</Filter>
    </ClCompile>
  </ItemGroup>
  <ItemGroup>
    <ClInclude Include="src\Solvers\NumSolvers.h">
      <Filter>src\Solvers</Filter>
    </ClInclude>
    <ClInclude Include="src\Solver\ISolver.h">
      <Filter>src\Solver</Filter>
    </ClInclude>
    <ClInclude Include="src\Solver\ISolverBuilder.h">
      <Filter>src\Solver</Filter>
    </ClInclude>
    <ClInclude Include="src\Solver\SolverWrapper.h">
      <Filter>src\Solver</Filter>
    </ClInclude>
    <ClInclude Include="src\Interface\ICopy.h">
      <Filter>src\Interface</Filter>
    </ClInclude>
    <ClInclude Include="src\Function\FunctionWrapper.h">
      <Filter>src\Function</Filter>
    </ClInclude>
    <ClInclude Include="src\Function\IFunction.h">
      <Filter>src\Function</Filter>
    </ClInclude>
    <ClInclude Include="src\Function\IFunctionBuilder.h">
      <Filter>src\Function</Filter>
    </ClInclude>
    <ClInclude Include="src\Math\MathLib.h">
      <Filter>src\Math</Filter>
    </ClInclude>
    <ClInclude Include="src\glWrap\Buffer\Buffer.h">
      <Filter>src\glWrap\headers</Filter>
    </ClInclude>
    <ClInclude Include="src\glWrap\Framebuffer\Framebuffer.h">
      <Filter>src\glWrap\headers</Filter>
    </ClInclude>
    <ClInclude Include="src\glWrap\ID\Id.h">
      <Filter>src\glWrap\headers</Filter>
    </ClInclude>
    <ClInclude Include="src\glWrap\OpenGL.h">
      <Filter>src\glWrap\headers</Filter>
    </ClInclude>
    <ClInclude Include="src\glWrap\Shader\Shader.h">
      <Filter>src\glWrap\headers</Filter>
    </ClInclude>
    <ClInclude Include="src\glWrap\Shader\ShaderProgram.h">
      <Filter>src\glWrap\headers</Filter>
    </ClInclude>
    <ClInclude Include="src\glWrap\Texture\Texture.h">
      <Filter>src\glWrap\headers</Filter>
    </ClInclude>
    <ClInclude Include="src\glWrap\VertexArray\VertexArray.h">
      <Filter>src\glWrap\headers</Filter>
    </ClInclude>
    <ClInclude Include="src\Functions\Functions.h">
      <Filter>src\Functions</Filter>
    </ClInclude>
    <ClInclude Include="src\GraphicsEngine\CommonAttributes.h">
      <Filter>src\GraphicsEngine</Filter>
    </ClInclude>
    <ClInclude Include="src\GraphicsEngine\GraphicsEngine.h">
      <Filter>src\GraphicsEngine</Filter>
    </ClInclude>
    <ClInclude Include="src\GraphicsEngine\ResourceLoaders\FramebufferBuilders\ColorBufferBuilder.h">
      <Filter>src\GraphicsEngine\ResourceLoaders\headers</Filter>
    </ClInclude>
    <ClInclude Include="src\GraphicsEngine\ResourceLoaders\FramebufferBuilders\NColorFramebufferBuilder.h">
      <Filter>src\GraphicsEngine\ResourceLoaders\headers</Filter>
    </ClInclude>
    <ClInclude Include="src\GraphicsEngine\ResourceLoaders\ShaderLoaders\ShaderLoader.h">
      <Filter>src\GraphicsEngine\ResourceLoaders\headers</Filter>
    </ClInclude>
    <ClInclude Include="src\GraphicsEngine\ResourceLoaders\ShaderProgramBuilders\ShaderProgramBuilder.h">
      <Filter>src\GraphicsEngine\ResourceLoaders\headers</Filter>
    </ClInclude>
    <ClInclude Include="src\GraphicsEngine\ResourceLoaders\FramebufferBuilders\SimpleFramebufferBuilder.h">
      <Filter>src\GraphicsEngine\ResourceLoaders\headers</Filter>
    </ClInclude>
    <ClInclude Include="src\GraphicsEngine\Attachment.h">
      <Filter>src\GraphicsEngine</Filter>
    </ClInclude>
    <ClInclude Include="src\GraphicsEngine\Attribs.h">
      <Filter>src\GraphicsEngine</Filter>
    </ClInclude>
    <ClInclude Include="src\GraphicsEngine\ResourceLoaders\TextureBuilders\Texture2D_Builder.h">
      <Filter>src\GraphicsEngine\ResourceLoaders\headers</Filter>
    </ClInclude>
    <ClInclude Include="src\Mesh\IMesh.h">
      <Filter>src\Mesh</Filter>
    </ClInclude>
    <ClInclude Include="src\Mesh\Mesh.h">
      <Filter>src\Mesh</Filter>
    </ClInclude>
    <ClInclude Include="src\Mesh\IMeshBuilder.h">
      <Filter>src\Mesh</Filter>
    </ClInclude>
    <ClInclude Include="src\Meshes\BoxMesh.h">
      <Filter>src\Meshes\headers</Filter>
    </ClInclude>
    <ClInclude Include="src\Meshes\BoxMeshBuilder.h">
      <Filter>src\Meshes\headers</Filter>
    </ClInclude>
    <ClInclude Include="src\Meshes\SphereMesh.h">
      <Filter>src\Meshes\headers</Filter>
    </ClInclude>
    <ClInclude Include="src\Meshes\SphereMeshBuilder.h">
      <Filter>src\Meshes\headers</Filter>
    </ClInclude>
    <ClInclude Include="src\Context\Context.h">
      <Filter>src\Context</Filter>
    </ClInclude>
    <ClInclude Include="src\Components\Camera.h">
      <Filter>src\Components\headers</Filter>
    </ClInclude>
    <ClInclude Include="src\Components\Orbit.h">
      <Filter>src\Components\headers</Filter>
    </ClInclude>
    <ClInclude Include="src\Components\Planet.h">
      <Filter>src\Components\headers</Filter>
    </ClInclude>
    <ClInclude Include="src\Components\Rendezvous.h">
      <Filter>src\Components\headers</Filter>
    </ClInclude>
    <ClInclude Include="src\Components\Satellite.h">
      <Filter>src\Components\headers</Filter>
    </ClInclude>
    <ClInclude Include="src\Components\SimData.h">
      <Filter>src\Components\headers</Filter>
    </ClInclude>
    <ClInclude Include="src\Components\Transform.h">
      <Filter>src\Components\headers</Filter>
    </ClInclude>
    <ClInclude Include="src\SpaceUtils\ClohessyWiltshire.h">
      <Filter>src\SpaceUtils\headers</Filter>
    </ClInclude>
    <ClInclude Include="src\SpaceUtils\Lambert.h">
      <Filter>src\SpaceUtils\headers</Filter>
    </ClInclude>
    <ClInclude Include="src\Components\PhysicsData.h">
      <Filter>src\Components\headers</Filter>
    </ClInclude>
    <ClInclude Include="src\Simulator\GLWindow.h">
      <Filter>src\Simulator\headers</Filter>
    </ClInclude>
    <ClInclude Include="src\Simulator\IInputController.h">
      <Filter>src\Simulator\headers</Filter>
    </ClInclude>
    <ClInclude Include="src\Simulator\Simulator.h">
      <Filter>src\Simulator\headers</Filter>
    </ClInclude>
    <ClInclude Include="src\SpaceUtils\OrbitUtil.h">
      <Filter>src\SpaceUtils\headers</Filter>
    </ClInclude>
    <ClInclude Include="src\Meshes\QuadMesh.h">
      <Filter>src\Meshes\headers</Filter>
    </ClInclude>
    <ClInclude Include="src\Meshes\QuadMeshBuilder.h">
      <Filter>src\Meshes\headers</Filter>
    </ClInclude>
  </ItemGroup>
  <ItemGroup>
    <None Include="assets\shaders\field.frag">
      <Filter>assets\shaders</Filter>
    </None>
    <None Include="assets\shaders\gauss.frag">
      <Filter>assets\shaders</Filter>
    </None>
    <None Include="assets\shaders\hdr_gamma.frag">
      <Filter>assets\shaders</Filter>
    </None>
    <None Include="assets\shaders\mix.frag">
      <Filter>assets\shaders</Filter>
    </None>
    <None Include="assets\shaders\quad.frag">
      <Filter>assets\shaders</Filter>
    </None>
    <None Include="assets\shaders\quad.vert">
      <Filter>assets\shaders</Filter>
    </None>
    <None Include="assets\shaders\voxel.frag">
      <Filter>assets\shaders</Filter>
    </None>
    <None Include="assets\shaders\voxel.geom">
      <Filter>assets\shaders</Filter>
    </None>
    <None Include="assets\shaders\voxel.vert">
      <Filter>assets\shaders</Filter>
    </None>
    <None Include="assets\shaders\test.frag">
      <Filter>assets\shaders</Filter>
    </None>
    <None Include="assets\shaders\test.vert">
      <Filter>assets\shaders</Filter>
    </None>
  </ItemGroup>
</Project>